
Microsoft Visual Studio Solution File, Format Version 12.00
# Visual Studio Version 17
VisualStudioVersion = 17.10.35013.160
MinimumVisualStudioVersion = 10.0.40219.1
Project("{9A19103F-16F7-4668-BE54-9A1E7A4F7556}") = "Demo", "Demo\Demo.csproj", "{02697E3B-DB1B-497B-BA11-EC669C21DE48}"
EndProject
Project("{FAE04EC0-301F-11D3-BF4B-00C04F79EFBC}") = "Assignment01EFCore", "Assignment01EFCore\Assignment01EFCore.csproj", "{4C852585-1A56-4615-8E7A-6512B7BBB5FB}"
EndProject
Global
	GlobalSection(SolutionConfigurationPlatforms) = preSolution
		Debug|Any CPU = Debug|Any CPU
		Release|Any CPU = Release|Any CPU
	EndGlobalSection
	GlobalSection(ProjectConfigurationPlatforms) = postSolution
		{02697E3B-DB1B-497B-BA11-EC669C21DE48}.Debug|Any CPU.ActiveCfg = Debug|Any CPU
		{02697E3B-DB1B-497B-BA11-EC669C21DE48}.Debug|Any CPU.Build.0 = Debug|Any CPU
		{02697E3B-DB1B-497B-BA11-EC669C21DE48}.Release|Any CPU.ActiveCfg = Release|Any CPU
		{02697E3B-DB1B-497B-BA11-EC669C21DE48}.Release|Any CPU.Build.0 = Release|Any CPU
		{4C852585-1A56-4615-8E7A-6512B7BBB5FB}.Debug|Any CPU.ActiveCfg = Debug|Any CPU
		{4C852585-1A56-4615-8E7A-6512B7BBB5FB}.Debug|Any CPU.Build.0 = Debug|Any CPU
		{4C852585-1A56-4615-8E7A-6512B7BBB5FB}.Release|Any CPU.ActiveCfg = Release|Any CPU
		{4C852585-1A56-4615-8E7A-6512B7BBB5FB}.Release|Any CPU.Build.0 = Release|Any CPU
	EndGlobalSection
	GlobalSection(SolutionProperties) = preSolution
		HideSolutionNode = FALSE
	EndGlobalSection
	GlobalSection(ExtensibilityGlobals) = postSolution
		SolutionGuid = {2F92B690-D65D-46F3-A2E6-3259C8B7B173}
	EndGlobalSection
EndGlobal
